
Microsoft Visual Studio Solution File, Format Version 12.00
# Visual Studio Version 17
VisualStudioVersion = 17.5.33530.505
MinimumVisualStudioVersion = 10.0.40219.1
Project("{FAE04EC0-301F-11D3-BF4B-00C04F79EFBC}") = "Ejercicio03.Android", "Ejercicio03\Ejercicio03.Android\Ejercicio03.Android.csproj", "{36D15AE1-1841-4FDF-B6C9-0B703A2A9C6E}"
EndProject
Project("{FAE04EC0-301F-11D3-BF4B-00C04F79EFBC}") = "Ejercicio03.iOS", "Ejercicio03\Ejercicio03.iOS\Ejercicio03.iOS.csproj", "{17FE0A1E-9A1C-48B3-918B-2DE10F2AC7ED}"
EndProject
Project("{FAE04EC0-301F-11D3-BF4B-00C04F79EFBC}") = "Ejercicio03", "Ejercicio03\Ejercicio03\Ejercicio03.csproj", "{E1444639-CC38-442B-8F1B-F43EFA248BB4}"
EndProject
Global
	GlobalSection(SolutionConfigurationPlatforms) = preSolution
		Debug|Any CPU = Debug|Any CPU
		Debug|iPhone = Debug|iPhone
		Debug|iPhoneSimulator = Debug|iPhoneSimulator
		Release|Any CPU = Release|Any CPU
		Release|iPhone = Release|iPhone
		Release|iPhoneSimulator = Release|iPhoneSimulator
	EndGlobalSection
	GlobalSection(ProjectConfigurationPlatforms) = postSolution
		{36D15AE1-1841-4FDF-B6C9-0B703A2A9C6E}.Debug|Any CPU.ActiveCfg = Debug|Any CPU
		{36D15AE1-1841-4FDF-B6C9-0B703A2A9C6E}.Debug|Any CPU.Build.0 = Debug|Any CPU
		{36D15AE1-1841-4FDF-B6C9-0B703A2A9C6E}.Debug|Any CPU.Deploy.0 = Debug|Any CPU
		{36D15AE1-1841-4FDF-B6C9-0B703A2A9C6E}.Debug|iPhone.ActiveCfg = Debug|Any CPU
		{36D15AE1-1841-4FDF-B6C9-0B703A2A9C6E}.Debug|iPhone.Build.0 = Debug|Any CPU
		{36D15AE1-1841-4FDF-B6C9-0B703A2A9C6E}.Debug|iPhone.Deploy.0 = Debug|Any CPU
		{36D15AE1-1841-4FDF-B6C9-0B703A2A9C6E}.Debug|iPhoneSimulator.ActiveCfg = Debug|Any CPU
		{36D15AE1-1841-4FDF-B6C9-0B703A2A9C6E}.Debug|iPhoneSimulator.Build.0 = Debug|Any CPU
		{36D15AE1-1841-4FDF-B6C9-0B703A2A9C6E}.Debug|iPhoneSimulator.Deploy.0 = Debug|Any CPU
		{36D15AE1-1841-4FDF-B6C9-0B703A2A9C6E}.Release|Any CPU.ActiveCfg = Release|Any CPU
		{36D15AE1-1841-4FDF-B6C9-0B703A2A9C6E}.Release|Any CPU.Build.0 = Release|Any CPU
		{36D15AE1-1841-4FDF-B6C9-0B703A2A9C6E}.Release|Any CPU.Deploy.0 = Release|Any CPU
		{36D15AE1-1841-4FDF-B6C9-0B703A2A9C6E}.Release|iPhone.ActiveCfg = Release|Any CPU
		{36D15AE1-1841-4FDF-B6C9-0B703A2A9C6E}.Release|iPhone.Build.0 = Release|Any CPU
		{36D15AE1-1841-4FDF-B6C9-0B703A2A9C6E}.Release|iPhone.Deploy.0 = Release|Any CPU
		{36D15AE1-1841-4FDF-B6C9-0B703A2A9C6E}.Release|iPhoneSimulator.ActiveCfg = Release|Any CPU
		{36D15AE1-1841-4FDF-B6C9-0B703A2A9C6E}.Release|iPhoneSimulator.Build.0 = Release|Any CPU
		{36D15AE1-1841-4FDF-B6C9-0B703A2A9C6E}.Release|iPhoneSimulator.Deploy.0 = Release|Any CPU
		{17FE0A1E-9A1C-48B3-918B-2DE10F2AC7ED}.Debug|Any CPU.ActiveCfg = Debug|iPhone
		{17FE0A1E-9A1C-48B3-918B-2DE10F2AC7ED}.Debug|Any CPU.Build.0 = Debug|iPhone
		{17FE0A1E-9A1C-48B3-918B-2DE10F2AC7ED}.Debug|Any CPU.Deploy.0 = Debug|iPhone
		{17FE0A1E-9A1C-48B3-918B-2DE10F2AC7ED}.Debug|iPhone.ActiveCfg = Debug|iPhone
		{17FE0A1E-9A1C-48B3-918B-2DE10F2AC7ED}.Debug|iPhone.Build.0 = Debug|iPhone
		{17FE0A1E-9A1C-48B3-918B-2DE10F2AC7ED}.Debug|iPhone.Deploy.0 = Debug|iPhone
		{17FE0A1E-9A1C-48B3-918B-2DE10F2AC7ED}.Debug|iPhoneSimulator.ActiveCfg = Debug|iPhoneSimulator
		{17FE0A1E-9A1C-48B3-918B-2DE10F2AC7ED}.Debug|iPhoneSimulator.Build.0 = Debug|iPhoneSimulator
		{17FE0A1E-9A1C-48B3-918B-2DE10F2AC7ED}.Debug|iPhoneSimulator.Deploy.0 = Debug|iPhoneSimulator
		{17FE0A1E-9A1C-48B3-918B-2DE10F2AC7ED}.Release|Any CPU.ActiveCfg = Release|iPhoneSimulator
		{17FE0A1E-9A1C-48B3-918B-2DE10F2AC7ED}.Release|Any CPU.Build.0 = Release|iPhoneSimulator
		{17FE0A1E-9A1C-48B3-918B-2DE10F2AC7ED}.Release|Any CPU.Deploy.0 = Release|iPhoneSimulator
		{17FE0A1E-9A1C-48B3-918B-2DE10F2AC7ED}.Release|iPhone.ActiveCfg = Release|iPhone
		{17FE0A1E-9A1C-48B3-918B-2DE10F2AC7ED}.Release|iPhone.Build.0 = Release|iPhone
		{17FE0A1E-9A1C-48B3-918B-2DE10F2AC7ED}.Release|iPhone.Deploy.0 = Release|iPhone
		{17FE0A1E-9A1C-48B3-918B-2DE10F2AC7ED}.Release|iPhoneSimulator.ActiveCfg = Release|iPhoneSimulator
		{17FE0A1E-9A1C-48B3-918B-2DE10F2AC7ED}.Release|iPhoneSimulator.Build.0 = Release|iPhoneSimulator
		{17FE0A1E-9A1C-48B3-918B-2DE10F2AC7ED}.Release|iPhoneSimulator.Deploy.0 = Release|iPhoneSimulator
		{E1444639-CC38-442B-8F1B-F43EFA248BB4}.Debug|Any CPU.ActiveCfg = Debug|Any CPU
		{E1444639-CC38-442B-8F1B-F43EFA248BB4}.Debug|Any CPU.Build.0 = Debug|Any CPU
		{E1444639-CC38-442B-8F1B-F43EFA248BB4}.Debug|Any CPU.Deploy.0 = Debug|Any CPU
		{E1444639-CC38-442B-8F1B-F43EFA248BB4}.Debug|iPhone.ActiveCfg = Debug|Any CPU
		{E1444639-CC38-442B-8F1B-F43EFA248BB4}.Debug|iPhone.Build.0 = Debug|Any CPU
		{E1444639-CC38-442B-8F1B-F43EFA248BB4}.Debug|iPhone.Deploy.0 = Debug|Any CPU
		{E1444639-CC38-442B-8F1B-F43EFA248BB4}.Debug|iPhoneSimulator.ActiveCfg = Debug|Any CPU
		{E1444639-CC38-442B-8F1B-F43EFA248BB4}.Debug|iPhoneSimulator.Build.0 = Debug|Any CPU
		{E1444639-CC38-442B-8F1B-F43EFA248BB4}.Debug|iPhoneSimulator.Deploy.0 = Debug|Any CPU
		{E1444639-CC38-442B-8F1B-F43EFA248BB4}.Release|Any CPU.ActiveCfg = Release|Any CPU
		{E1444639-CC38-442B-8F1B-F43EFA248BB4}.Release|Any CPU.Build.0 = Release|Any CPU
		{E1444639-CC38-442B-8F1B-F43EFA248BB4}.Release|Any CPU.Deploy.0 = Release|Any CPU
		{E1444639-CC38-442B-8F1B-F43EFA248BB4}.Release|iPhone.ActiveCfg = Release|Any CPU
		{E1444639-CC38-442B-8F1B-F43EFA248BB4}.Release|iPhone.Build.0 = Release|Any CPU
		{E1444639-CC38-442B-8F1B-F43EFA248BB4}.Release|iPhone.Deploy.0 = Release|Any CPU
		{E1444639-CC38-442B-8F1B-F43EFA248BB4}.Release|iPhoneSimulator.ActiveCfg = Release|Any CPU
		{E1444639-CC38-442B-8F1B-F43EFA248BB4}.Release|iPhoneSimulator.Build.0 = Release|Any CPU
		{E1444639-CC38-442B-8F1B-F43EFA248BB4}.Release|iPhoneSimulator.Deploy.0 = Release|Any CPU
	EndGlobalSection
	GlobalSection(SolutionProperties) = preSolution
		HideSolutionNode = FALSE
	EndGlobalSection
	GlobalSection(ExtensibilityGlobals) = postSolution
		SolutionGuid = {88ED57C1-980D-4B54-9D0B-23DA225B3A55}
	EndGlobalSection
EndGlobal
